
Microsoft Visual Studio Solution File, Format Version 12.00
Project("{FAE04EC0-301F-11D3-BF4B-00C04F79EFBC}") = "HRManagementApp", "HRManagementApp\HRManagementApp.csproj", "{E6746BBA-6FFF-4C3F-A873-93F6E5E73C52}"
EndProject
Project("{FAE04EC0-301F-11D3-BF4B-00C04F79EFBC}") = "HRManagementApp.Core", "HRManagementApp.Core\HRManagementApp.Core.csproj", "{47A98DDB-E28C-40CA-BDE6-34463A2C86C4}"
EndProject
Project("{FAE04EC0-301F-11D3-BF4B-00C04F79EFBC}") = "HRManagementApp.Business", "HRManagementApp.Business\HRManagementApp.Business.csproj", "{6C9CA0A9-1C26-47E9-9CF2-BBEE0C6E76A2}"
EndProject
Project("{FAE04EC0-301F-11D3-BF4B-00C04F79EFBC}") = "HRManagementApp.DataAccess", "HRManagementApp.DataAccess\HRManagementApp.DataAccess.csproj", "{B411D795-8F57-4255-8AD4-88D1DD3DACE4}"
EndProject
Global
	GlobalSection(SolutionConfigurationPlatforms) = preSolution
		Debug|Any CPU = Debug|Any CPU
		Debug|x64 = Debug|x64
		Debug|x86 = Debug|x86
		Release|Any CPU = Release|Any CPU
		Release|x64 = Release|x64
		Release|x86 = Release|x86
	EndGlobalSection
	GlobalSection(ProjectConfigurationPlatforms) = postSolution
		{E6746BBA-6FFF-4C3F-A873-93F6E5E73C52}.Debug|Any CPU.ActiveCfg = Debug|Any CPU
		{E6746BBA-6FFF-4C3F-A873-93F6E5E73C52}.Debug|Any CPU.Build.0 = Debug|Any CPU
		{E6746BBA-6FFF-4C3F-A873-93F6E5E73C52}.Debug|x64.ActiveCfg = Debug|Any CPU
		{E6746BBA-6FFF-4C3F-A873-93F6E5E73C52}.Debug|x64.Build.0 = Debug|Any CPU
		{E6746BBA-6FFF-4C3F-A873-93F6E5E73C52}.Debug|x86.ActiveCfg = Debug|Any CPU
		{E6746BBA-6FFF-4C3F-A873-93F6E5E73C52}.Debug|x86.Build.0 = Debug|Any CPU
		{E6746BBA-6FFF-4C3F-A873-93F6E5E73C52}.Release|Any CPU.ActiveCfg = Release|Any CPU
		{E6746BBA-6FFF-4C3F-A873-93F6E5E73C52}.Release|Any CPU.Build.0 = Release|Any CPU
		{E6746BBA-6FFF-4C3F-A873-93F6E5E73C52}.Release|x64.ActiveCfg = Release|Any CPU
		{E6746BBA-6FFF-4C3F-A873-93F6E5E73C52}.Release|x64.Build.0 = Release|Any CPU
		{E6746BBA-6FFF-4C3F-A873-93F6E5E73C52}.Release|x86.ActiveCfg = Release|Any CPU
		{E6746BBA-6FFF-4C3F-A873-93F6E5E73C52}.Release|x86.Build.0 = Release|Any CPU
		{47A98DDB-E28C-40CA-BDE6-34463A2C86C4}.Debug|Any CPU.ActiveCfg = Debug|Any CPU
		{47A98DDB-E28C-40CA-BDE6-34463A2C86C4}.Debug|Any CPU.Build.0 = Debug|Any CPU
		{47A98DDB-E28C-40CA-BDE6-34463A2C86C4}.Debug|x64.ActiveCfg = Debug|Any CPU
		{47A98DDB-E28C-40CA-BDE6-34463A2C86C4}.Debug|x64.Build.0 = Debug|Any CPU
		{47A98DDB-E28C-40CA-BDE6-34463A2C86C4}.Debug|x86.ActiveCfg = Debug|Any CPU
		{47A98DDB-E28C-40CA-BDE6-34463A2C86C4}.Debug|x86.Build.0 = Debug|Any CPU
		{47A98DDB-E28C-40CA-BDE6-34463A2C86C4}.Release|Any CPU.ActiveCfg = Release|Any CPU
		{47A98DDB-E28C-40CA-BDE6-34463A2C86C4}.Release|Any CPU.Build.0 = Release|Any CPU
		{47A98DDB-E28C-40CA-BDE6-34463A2C86C4}.Release|x64.ActiveCfg = Release|Any CPU
		{47A98DDB-E28C-40CA-BDE6-34463A2C86C4}.Release|x64.Build.0 = Release|Any CPU
		{47A98DDB-E28C-40CA-BDE6-34463A2C86C4}.Release|x86.ActiveCfg = Release|Any CPU
		{47A98DDB-E28C-40CA-BDE6-34463A2C86C4}.Release|x86.Build.0 = Release|Any CPU
		{6C9CA0A9-1C26-47E9-9CF2-BBEE0C6E76A2}.Debug|Any CPU.ActiveCfg = Debug|Any CPU
		{6C9CA0A9-1C26-47E9-9CF2-BBEE0C6E76A2}.Debug|Any CPU.Build.0 = Debug|Any CPU
		{6C9CA0A9-1C26-47E9-9CF2-BBEE0C6E76A2}.Debug|x64.ActiveCfg = Debug|Any CPU
		{6C9CA0A9-1C26-47E9-9CF2-BBEE0C6E76A2}.Debug|x64.Build.0 = Debug|Any CPU
		{6C9CA0A9-1C26-47E9-9CF2-BBEE0C6E76A2}.Debug|x86.ActiveCfg = Debug|Any CPU
		{6C9CA0A9-1C26-47E9-9CF2-BBEE0C6E76A2}.Debug|x86.Build.0 = Debug|Any CPU
		{6C9CA0A9-1C26-47E9-9CF2-BBEE0C6E76A2}.Release|Any CPU.ActiveCfg = Release|Any CPU
		{6C9CA0A9-1C26-47E9-9CF2-BBEE0C6E76A2}.Release|Any CPU.Build.0 = Release|Any CPU
		{6C9CA0A9-1C26-47E9-9CF2-BBEE0C6E76A2}.Release|x64.ActiveCfg = Release|Any CPU
		{6C9CA0A9-1C26-47E9-9CF2-BBEE0C6E76A2}.Release|x64.Build.0 = Release|Any CPU
		{6C9CA0A9-1C26-47E9-9CF2-BBEE0C6E76A2}.Release|x86.ActiveCfg = Release|Any CPU
		{6C9CA0A9-1C26-47E9-9CF2-BBEE0C6E76A2}.Release|x86.Build.0 = Release|Any CPU
		{B411D795-8F57-4255-8AD4-88D1DD3DACE4}.Debug|Any CPU.ActiveCfg = Debug|Any CPU
		{B411D795-8F57-4255-8AD4-88D1DD3DACE4}.Debug|Any CPU.Build.0 = Debug|Any CPU
		{B411D795-8F57-4255-8AD4-88D1DD3DACE4}.Debug|x64.ActiveCfg = Debug|Any CPU
		{B411D795-8F57-4255-8AD4-88D1DD3DACE4}.Debug|x64.Build.0 = Debug|Any CPU
		{B411D795-8F57-4255-8AD4-88D1DD3DACE4}.Debug|x86.ActiveCfg = Debug|Any CPU
		{B411D795-8F57-4255-8AD4-88D1DD3DACE4}.Debug|x86.Build.0 = Debug|Any CPU
		{B411D795-8F57-4255-8AD4-88D1DD3DACE4}.Release|Any CPU.ActiveCfg = Release|Any CPU
		{B411D795-8F57-4255-8AD4-88D1DD3DACE4}.Release|Any CPU.Build.0 = Release|Any CPU
		{B411D795-8F57-4255-8AD4-88D1DD3DACE4}.Release|x64.ActiveCfg = Release|Any CPU
		{B411D795-8F57-4255-8AD4-88D1DD3DACE4}.Release|x64.Build.0 = Release|Any CPU
		{B411D795-8F57-4255-8AD4-88D1DD3DACE4}.Release|x86.ActiveCfg = Release|Any CPU
		{B411D795-8F57-4255-8AD4-88D1DD3DACE4}.Release|x86.Build.0 = Release|Any CPU
	EndGlobalSection
	GlobalSection(SolutionProperties) = preSolution
		HideSolutionNode = FALSE
	EndGlobalSection
EndGlobal
